msvc-14.44.17.14|https://download.visualstudio.microsoft.com/download/pr/d2fa077f-a814-4fb2-b903-1fca7658d17e/2bc5717660ca0ab8d205da97777fa613f7c2dc8efe279da0f2375e6381d34d67/Microsoft.VC.14.44.17.14.CRT.ARM64.Desktop.base.vsix|93
msvc-14.44.17.14|https://download.visualstudio.microsoft.com/download/pr/d2fa077f-a814-4fb2-b903-1fca7658d17e/836424c50cd597e6e4bbdfbb28342d7d9ed38c68ba77c04a09b74f1c8b8ad04b/Microsoft.VC.14.44.17.14.CRT.ARM64.Desktop.debug.base.vsix|93
msvc-14.44.17.14|https://download.visualstudio.microsoft.com/download/pr/d2fa077f-a814-4fb2-b903-1fca7658d17e/05bfd17cca1df16a290850755a350dee17c8725a96bfe75371d654032e559141/Microsoft.VC.14.44.17.14.CRT.ARM64.Store.base.vsix|93
msvc-14.44.17.14|https://download.visualstudio.microsoft.com/download/pr/d2fa077f-a814-4fb2-b903-1fca7658d17e/b51ed3477a7e58eda1a6571fdb59a2cd12cf06bd5f92e03d2b70c0955b4f7c47/Microsoft.VC.14.44.17.14.CRT.Headers.base.vsix|93
msvc-14.44.17.14|https://download.visualstudio.microsoft.com/download/pr/d2fa077f-a814-4fb2-b903-1fca7658d17e/362a49296d2594af16fdfa67e662fe2646194e3e4359d4271a2198dcd459dfcf/Microsoft.VC.14.44.17.14.CRT.Redist.ARM64.base.vsix|93
msvc-14.44.17.14|https://download.visualstudio.microsoft.com/download/pr/d2fa077f-a814-4fb2-b903-1fca7658d17e/674a04b9066a6534696fe289fc1e078274a16ae1d20dd9406af629177c2b8e2d/Microsoft.VC.14.44.17.14.CRT.Redist.X64.base.vsix|93
msvc-14.44.17.14|https://download.visualstudio.microsoft.com/download/pr/d2fa077f-a814-4fb2-b903-1fca7658d17e/33e2d5555f17b7a54c41d8dc5802141f3c00a6cf0ddd2a13ba3cf4e25b01a58e/Microsoft.VC.14.44.17.14.CRT.Redist.X86.base.vsix|93
msvc-14.44.17.14|https://download.visualstudio.microsoft.com/download/pr/d2fa077f-a814-4fb2-b903-1fca7658d17e/5aeb3e218e293071bcd9b015c6d972380f6dbdf5f733a9b63adfa5309122cde5/Microsoft.VC.14.44.17.14.CRT.arm.Desktop.base.vsix|93
msvc-14.44.17.14|https://download.visualstudio.microsoft.com/download/pr/d2fa077f-a814-4fb2-b903-1fca7658d17e/da089b889078fa7bfb4a4cd516348b28f0089a50b0cfe98994520d523df6e591/Microsoft.VC.14.44.17.14.CRT.arm.Store.base.vsix|93
msvc-14.44.17.14|https://download.visualstudio.microsoft.com/download/pr/d2fa077f-a814-4fb2-b903-1fca7658d17e/5df89ce33cf1070c703554e4fde0ae7787eea031ce6c5d1b3a5d1d10642d6f5a/Microsoft.VC.14.44.17.14.CRT.x64.Desktop.base.vsix|93
msvc-14.44.17.14|https://download.visualstudio.microsoft.com/download/pr/d2fa077f-a814-4fb2-b903-1fca7658d17e/f7b7deb2e4e42468f4ea3d8abaf9a337e491f8710793bad5cabf1bfb6da9f6ac/Microsoft.VC.14.44.17.14.CRT.x64.Store.base.vsix|93
msvc-14.44.17.14|https://download.visualstudio.microsoft.com/download/pr/d2fa077f-a814-4fb2-b903-1fca7658d17e/65da68753a3cefd5c7b2d55e073d695e388e19e01f32ed8edfd24c4b65823ea8/Microsoft.VC.14.44.17.14.CRT.x86.Desktop.base.vsix|93
msvc-14.44.17.14|https://download.visualstudio.microsoft.com/download/pr/d2fa077f-a814-4fb2-b903-1fca7658d17e/49e2656909581033315a36da1885beef99054fb2e17d834ea623459e110f6604/Microsoft.VC.14.44.17.14.CRT.x86.Store.base.vsix|93
msvc-14.44.17.14|https://download.visualstudio.microsoft.com/download/pr/02742e40-8f45-4726-ae8f-287c6cfa043f/eebc38fd722df78ef5791cc15481f63bee8f7686244ecdd3477c0ffe20eaee71/Microsoft.VC.14.44.17.14.Tools.HostARM64.TargetARM.Res.base.enu.vsix|93
msvc-14.44.17.14|https://download.visualstudio.microsoft.com/download/pr/02742e40-8f45-4726-ae8f-287c6cfa043f/b2aeb49f8cfe93552b7ecd8afcb38b7fd9bf7ebabf1e01c07c1a61c6cd04dc33/Microsoft.VC.14.44.17.14.Tools.HostARM64.TargetARM.base.vsix|93
msvc-14.44.17.14|https://download.visualstudio.microsoft.com/download/pr/02742e40-8f45-4726-ae8f-287c6cfa043f/f4ee3ffd728a1db1a3d3c74943d6090921cd1813c610e5941335bf2c014ac3ac/Microsoft.VC.14.44.17.14.Tools.HostARM64.TargetARM64.Res.base.enu.vsix|93
msvc-14.44.17.14|https://download.visualstudio.microsoft.com/download/pr/02742e40-8f45-4726-ae8f-287c6cfa043f/0a34ecbcbe41ac40db016a98764058af51c985f499cf30b545aa3643e1d4bb10/Microsoft.VC.14.44.17.14.Tools.HostARM64.TargetARM64.base.vsix|93
msvc-14.44.17.14|https://download.visualstudio.microsoft.com/download/pr/02742e40-8f45-4726-ae8f-287c6cfa043f/2bf72f17d03222adaeebf8b21c1513b41ebba26f61075d3211c96a67612938e8/Microsoft.VC.14.44.17.14.Tools.HostARM64.TargetX64.base.vsix|93
msvc-14.44.17.14|https://download.visualstudio.microsoft.com/download/pr/02742e40-8f45-4726-ae8f-287c6cfa043f/ff3f423e6a57e0c251d520ef327f16c13aadf547e2db669dd7dd506787ce8d44/Microsoft.VC.14.44.17.14.Tools.HostARM64.TargetX86.Res.base.enu.vsix|93
msvc-14.44.17.14|https://download.visualstudio.microsoft.com/download/pr/02742e40-8f45-4726-ae8f-287c6cfa043f/b6ddb4b1b3b2d53fea71176550c7b1ec8875ac6dd9044fdd89e3e473cf15f42b/Microsoft.VC.14.44.17.14.Tools.HostARM64.TargetX86.base.vsix|93
msvc-14.44.17.14|https://download.visualstudio.microsoft.com/download/pr/02742e40-8f45-4726-ae8f-287c6cfa043f/26fe14b2d18367b6b2c288b28ce8bcd824ecf48ec4b3aa4c260698fe49925624/Microsoft.VC.14.44.17.14.Tools.HostARM64.Targetx64.Res.base.enu.vsix|93
msvc-14.44.17.14|https://download.visualstudio.microsoft.com/download/pr/02742e40-8f45-4726-ae8f-287c6cfa043f/5936b40402f6ade683e9d6b3cb7e8ffb5d62f75195f5df77db571b61b85c6abb/Microsoft.VC.14.44.17.14.Tools.HostX64.TargetARM.Res.base.enu.vsix|93
msvc-14.44.17.14|https://download.visualstudio.microsoft.com/download/pr/02742e40-8f45-4726-ae8f-287c6cfa043f/d42d8960b0bd83efa03159a06d59af709d8ff453df00aef9c04abe9f773bf71a/Microsoft.VC.14.44.17.14.Tools.HostX64.TargetARM.base.vsix|93
msvc-14.44.17.14|https://download.visualstudio.microsoft.com/download/pr/02742e40-8f45-4726-ae8f-287c6cfa043f/8035199f024890066564eef98c8742e33109a6fc08810cc0405f09573e96d7e9/Microsoft.VC.14.44.17.14.Tools.HostX64.TargetARM64.Res.base.enu.vsix|93
msvc-14.44.17.14|https://download.visualstudio.microsoft.com/download/pr/02742e40-8f45-4726-ae8f-287c6cfa043f/c5709a341405a8891ef97ecc2c110ce5d9949d5904f73f517acdc98513b96d4a/Microsoft.VC.14.44.17.14.Tools.HostX64.TargetARM64.base.vsix|93
msvc-14.44.17.14|https://download.visualstudio.microsoft.com/download/pr/02742e40-8f45-4726-ae8f-287c6cfa043f/fbe2cd991cf0f07c2cdca9635b465cbe718257ec7deefd5f3fade6a9b763757a/Microsoft.VC.14.44.17.14.Tools.HostX64.TargetX64.Res.base.enu.vsix|93
msvc-14.44.17.14|https://download.visualstudio.microsoft.com/download/pr/02742e40-8f45-4726-ae8f-287c6cfa043f/2061f4cd848d33d98e7ed972723d5f2829f5886c55b13633d3b4f895467455a7/Microsoft.VC.14.44.17.14.Tools.HostX64.TargetX64.base.vsix|93
msvc-14.44.17.14|https://download.visualstudio.microsoft.com/download/pr/02742e40-8f45-4726-ae8f-287c6cfa043f/e295e4897196cd7f039e9fcb6f3692f3bb3322e71e23e751af03b0d29f500abc/Microsoft.VC.14.44.17.14.Tools.HostX64.TargetX86.Res.base.enu.vsix|93
msvc-14.44.17.14|https://download.visualstudio.microsoft.com/download/pr/02742e40-8f45-4726-ae8f-287c6cfa043f/930b2b92985d95104f1fabccf2197be8fc07bf39084d53e615cfb79b04f8181f/Microsoft.VC.14.44.17.14.Tools.HostX64.TargetX86.base.vsix|93
msvc-14.44.17.14|https://download.visualstudio.microsoft.com/download/pr/02742e40-8f45-4726-ae8f-287c6cfa043f/2c9b423970892f2f3375e18a5fb45c6689f9650b29edbfcce18a8d639d1af43a/Microsoft.VC.14.44.17.14.Tools.HostX86.TargetARM.Res.base.enu.vsix|93
msvc-14.44.17.14|https://download.visualstudio.microsoft.com/download/pr/02742e40-8f45-4726-ae8f-287c6cfa043f/ff29aae637ce97ae2c54b4fd01a5745fe2405a99a36a1f67dabab897500cc563/Microsoft.VC.14.44.17.14.Tools.HostX86.TargetARM64.Res.base.enu.vsix|93
msvc-14.44.17.14|https://download.visualstudio.microsoft.com/download/pr/02742e40-8f45-4726-ae8f-287c6cfa043f/af7ce0407f3a5e35cf7d7c9ea651c0d11f999f11c85d901585fa645282e8fd03/Microsoft.VC.14.44.17.14.Tools.HostX86.TargetX64.base.vsix|93
msvc-14.44.17.14|https://download.visualstudio.microsoft.com/download/pr/02742e40-8f45-4726-ae8f-287c6cfa043f/e91ba2451fe2050734199616ef174a7b3fb6f484d9411ca34a9a5950f8b70047/Microsoft.VC.14.44.17.14.Tools.HostX86.TargetX86.Res.base.enu.vsix|93
msvc-14.44.17.14|https://download.visualstudio.microsoft.com/download/pr/02742e40-8f45-4726-ae8f-287c6cfa043f/ca0ee0e76fd3629202c6944aa3612eae1d2ad2cc1aa423ce5ee14b60a2722ec8/Microsoft.VC.14.44.17.14.Tools.HostX86.TargetX86.base.vsix|93
msvc-14.44.17.14|https://download.visualstudio.microsoft.com/download/pr/02742e40-8f45-4726-ae8f-287c6cfa043f/8aa035bd64a5f412312f506384bd110e6b75a8a7e5bddb67730d1a3589137396/Microsoft.VC.14.44.17.14.Tools.Hostx86.Targetarm.base.vsix|93
msvc-14.44.17.14|https://download.visualstudio.microsoft.com/download/pr/02742e40-8f45-4726-ae8f-287c6cfa043f/0740950051c7077c1ef7b8050600a70e2987a7edff83ad00b289272c0ac17a7c/Microsoft.VC.14.44.17.14.Tools.Hostx86.Targetarm64.base.vsix|93
msvc-14.44.17.14|https://download.visualstudio.microsoft.com/download/pr/02742e40-8f45-4726-ae8f-287c6cfa043f/164c36c42efad91fb7d8db2595b5d7c302ae512acdb035fa5e27991069c15ca3/Microsoft.VC.14.44.17.14.Tools.Hostx86.Targetx64.Res.base.enu.vsix|93
|https://download.visualstudio.microsoft.com/download/pr/10d3c2ab-450a-44f7-84b4-a11b2bade847/a16cfe352e095048543c4c7efeac744f/16ab2ea2187acffa6435e334796c8c89.cab|17963A938B5E63C8B499B4749D3FD3222A2A91FE781EA9705DC67F832BC6E8AC 16ab2ea2187acffa6435e334796c8c89.cab
|https://download.visualstudio.microsoft.com/download/pr/10d3c2ab-450a-44f7-84b4-a11b2bade847/7d54822376e104ea654b30a63d6421dd/2868a02217691d527e42fe0520627bfa.cab|893449B3090E7057193F758EDAAEF7201BECF01D85EC1FF0A3D304FB8F6A04FB 2868a02217691d527e42fe0520627bfa.cab
|https://download.visualstudio.microsoft.com/download/pr/10d3c2ab-450a-44f7-84b4-a11b2bade847/ccc1dd4b2000ea4066f4561c728c675f/6ee7bbee8435130a869cf971694fd9e2.cab|AF2994C9C24EA23EF4C373D35D54F07611EB1BD99F6F455B22C48B104CD08B53 6ee7bbee8435130a869cf971694fd9e2.cab
|https://download.visualstudio.microsoft.com/download/pr/10d3c2ab-450a-44f7-84b4-a11b2bade847/25bdb221ee5cb416ec4e76cb35c98829/78fa3c824c2c48bd4a49ab5969adaaf7.cab|51C9B952FDDA3858AC95974DAAC47275DE4931B85B8BF8931F5FC4F4C5C61867 78fa3c824c2c48bd4a49ab5969adaaf7.cab
|https://download.visualstudio.microsoft.com/download/pr/10d3c2ab-450a-44f7-84b4-a11b2bade847/1ff0a217eca319413f9f390761af0913/7afc7b670accd8e3cc94cfffd516f5cb.cab|7A3CFA6BEFCA3CCAE6260746FA470958E8A23B29AE2C9FFD2F7295B9126569FC 7afc7b670accd8e3cc94cfffd516f5cb.cab
|https://download.visualstudio.microsoft.com/download/pr/10d3c2ab-450a-44f7-84b4-a11b2bade847/ca73b2e45e5862b1d5bae97835da4064/80dcdb79b8a5960a384abe5a217a7e3a.cab|6806EF487C6EA8DB8669AA433DBBFC9999F485CC7608F071C07AF38041C68ECC 80dcdb79b8a5960a384abe5a217a7e3a.cab
|https://download.visualstudio.microsoft.com/download/pr/10d3c2ab-450a-44f7-84b4-a11b2bade847/573bd17aa267227748737d0e86373899/96076045170fe5db6d5dcf14b6f6688e.cab|B74CE706D0EB03642F42591D5C27010D8A3C3656E986B241E16F4AD5DDD92940 96076045170fe5db6d5dcf14b6f6688e.cab
|https://download.visualstudio.microsoft.com/download/pr/10d3c2ab-450a-44f7-84b4-a11b2bade847/115c6c1ec89236348d3679911cd21342/a1e2a83aa8a71c48c742eeaff6e71928.cab|1E998CB92262B783FB0510B825839BC4117D17A29744FD841CDB95DAB7860DF4 a1e2a83aa8a71c48c742eeaff6e71928.cab
|https://download.visualstudio.microsoft.com/download/pr/10d3c2ab-450a-44f7-84b4-a11b2bade847/442970590355947db239e29892586c92/b2f03f34ff83ec013b9e45c7cd8e8a73.cab|45DF88DD43F4706E495B94F4F656A753BBDE04F0CBEE4BE8A7092647FFFAD28C b2f03f34ff83ec013b9e45c7cd8e8a73.cab
|https://download.visualstudio.microsoft.com/download/pr/10d3c2ab-450a-44f7-84b4-a11b2bade847/93ff375143af76574b860dcfd331e25d/beb5360d2daaa3167dea7ad16c28f996.cab|A284D3F16DEF5AE401C1B09102887EF63512C1B03C67EB033184D7E572D3B356 beb5360d2daaa3167dea7ad16c28f996.cab
|https://download.visualstudio.microsoft.com/download/pr/10d3c2ab-450a-44f7-84b4-a11b2bade847/4a283044a9b70c9dfe182b7839e9c972/d95da93904819b1f7e68adb98b49a9c7.cab|945A8FCC7C9008FF1FA72617D62021C0E6609640E72F68EEC84A0B215044631D d95da93904819b1f7e68adb98b49a9c7.cab
|https://download.visualstudio.microsoft.com/download/pr/10d3c2ab-450a-44f7-84b4-a11b2bade847/36d00670f5d2e36816f9f5e0c062b28c/eca0aa33de85194cd50ed6e0aae0156f.cab|7620AFCD7D8355A85F831332B47FEDF31DF55BEA3ACC7927E066508C91157969 eca0aa33de85194cd50ed6e0aae0156f.cab
|https://download.visualstudio.microsoft.com/download/pr/10d3c2ab-450a-44f7-84b4-a11b2bade847/29342a897fa3dd699eefa2d5d0d80370/f9ff50431335056fb4fbac05b8268204.cab|4AA10BA2140DDDA6EA334F4D4A46EB0B246402F8AD18060268F1A89582CD160B f9ff50431335056fb4fbac05b8268204.cab
sdk-10.0.22621.7|https://download.visualstudio.microsoft.com/download/pr/10d3c2ab-450a-44f7-84b4-a11b2bade847/970d91d7632d4c16b0389112c524eb6d/universal crt headers libraries and sources-x86_en-us.msi|C02DDAAC3312C3D658D62ECD8F32CD84DA0511FEC80BEF83CAB8F03B7C3A333A
|https://download.visualstudio.microsoft.com/download/pr/10d3c2ab-450a-44f7-84b4-a11b2bade847/5ad4e116cefa3b0f3cb0221880202a57/921968b1c32e680f338247ac68950f5a.cab|1C9AD53D907C9517E73BD737ACED8A99282FCB9D497C9A28E39FF44E4086BEAB 921968b1c32e680f338247ac68950f5a.cab
sdk-10.0.22621.7|https://download.visualstudio.microsoft.com/download/pr/10d3c2ab-450a-44f7-84b4-a11b2bade847/c208ad200d3eb877fa245b0e2dc58fe1/windows sdk desktop headers arm-x86_en-us.msi|70AAC7B5ECDA68FFFED7E3B02D426C08F650EC2462B1F9B9CF1B0EF88C9BB569
|https://download.visualstudio.microsoft.com/download/pr/10d3c2ab-450a-44f7-84b4-a11b2bade847/9d0d9b186f062eba3836a694cbabb3ce/8c44e508e7582f9362c66a2e47a19b5e.cab|E558ED7B425F52AECB44CBED0082F0C4FC4485E999CACEAD3BDCF43547FCE546 8c44e508e7582f9362c66a2e47a19b5e.cab
sdk-10.0.22621.7|https://download.visualstudio.microsoft.com/download/pr/10d3c2ab-450a-44f7-84b4-a11b2bade847/b5261c1912e56d50fb2f8d15c3160900/windows sdk desktop headers arm64-x86_en-us.msi|72FA057CB2DA30AA919DD7B35B1DD56EC78F3064FC83F781F3645D2F3437147C
|https://download.visualstudio.microsoft.com/download/pr/10d3c2ab-450a-44f7-84b4-a11b2bade847/4d5e507ae0c3073e2047d45c217fdd2c/e5950ce9ba509b3370ebf328742a5f45.cab|FE1669BF67CF3CCBD0507AFDC335F0C0FBB44BAF82BFA5FBB1126472F96C1E43 e5950ce9ba509b3370ebf328742a5f45.cab
sdk-10.0.22621.7|https://download.visualstudio.microsoft.com/download/pr/10d3c2ab-450a-44f7-84b4-a11b2bade847/bef1faba66a06aadfe0cc37f1df37e29/windows sdk desktop headers x64-x86_en-us.msi|7983CAC47ABF6A0EB2355310EF462D94BAA3CDEC6F7964848145C3D7FF8D660D
|https://download.visualstudio.microsoft.com/download/pr/10d3c2ab-450a-44f7-84b4-a11b2bade847/161379a5c77c0a245aa36b11e381c2c8/07a57cdb41ba28cced14005f087267be.cab|EA7BC2A00B3FF71E4B03B877C1A980573D676736B485058C2C8E829FECC6142C 07a57cdb41ba28cced14005f087267be.cab
|https://download.visualstudio.microsoft.com/download/pr/10d3c2ab-450a-44f7-84b4-a11b2bade847/7655854fcfc3f837d9c06a440b69c6eb/2e876dd22fa5e6785f137e3422dd50ec.cab|7B6E7222FFDC98B68B4C96B7D78FBF1D6D0FCC7869BCE82DCFD26E6907B909E0 2e876dd22fa5e6785f137e3422dd50ec.cab
|https://download.visualstudio.microsoft.com/download/pr/10d3c2ab-450a-44f7-84b4-a11b2bade847/68bbfb3edf9552e73878748b4e588335/4fe4c8b88812f5339018c0eef95acdb9.cab|92CFA8EC0E67D84EF48F7FE9ED8C1BA146592ED4A786CC71BF79F26DE11FF276 4fe4c8b88812f5339018c0eef95acdb9.cab
sdk-10.0.22621.7|https://download.visualstudio.microsoft.com/download/pr/10d3c2ab-450a-44f7-84b4-a11b2bade847/616911ad586012757ab9956f35249cd5/windows sdk desktop headers x86-x86_en-us.msi|9A9F911430041B9935A86AFDA2BAEAFD94DF67A98C23E09201F25CD37AFFF4D6
|https://download.visualstudio.microsoft.com/download/pr/10d3c2ab-450a-44f7-84b4-a11b2bade847/4d69d8fe3463be4c319aebb161606b40/77db8ab55a0b236db83c55ced6e8a9a3.cab|F39A576219FA9D1C74192890643DFD725B8EE717F08D15056ECEF38AC9955800 77db8ab55a0b236db83c55ced6e8a9a3.cab
sdk-10.0.22621.7|https://download.visualstudio.microsoft.com/download/pr/10d3c2ab-450a-44f7-84b4-a11b2bade847/b0ecba3fe3df6d13e12ef27b7c3a0143/windows sdk desktop libs arm-x86_en-us.msi|79D6063DA6A4E7D453A066D63EDFB467F980FD2C84595615A2EA46B9D8D97D74
|https://download.visualstudio.microsoft.com/download/pr/10d3c2ab-450a-44f7-84b4-a11b2bade847/a9aa1e36e9cb77cb4eeb51779e8527cb/3e2f7be479e3679d700ce0782e4cc318.cab|87EC125AC87C573658DF402B2455E0124C0D73B848F1F867F3E627AC1CB7F6CE 3e2f7be479e3679d700ce0782e4cc318.cab
sdk-10.0.22621.7|https://download.visualstudio.microsoft.com/download/pr/10d3c2ab-450a-44f7-84b4-a11b2bade847/f3b01df31169a906fce9a6918ae85d57/windows sdk desktop libs arm64-x86_en-us.msi|9C92D19DA3A02ED63F6EB578F25BE6D6F68B3690D8AE3AA1734A029597ED0D67
|https://download.visualstudio.microsoft.com/download/pr/10d3c2ab-450a-44f7-84b4-a11b2bade847/021c311c51ac60d8dcf92ab08b09421c/58314d0646d7e1a25e97c902166c3155.cab|BBF09F5173F152095D5F9F05C225B3A0DC9210FE5145C09B8678EBB2D5B1DB82 58314d0646d7e1a25e97c902166c3155.cab
sdk-10.0.22621.7|https://download.visualstudio.microsoft.com/download/pr/10d3c2ab-450a-44f7-84b4-a11b2bade847/8e51881451df8de8897ad41abf8ea840/windows sdk desktop libs x64-x86_en-us.msi|7A7F102B05F53A6B1925CC33BF1325C75BFAD747D476C7AC96C49E75E658659B
|https://download.visualstudio.microsoft.com/download/pr/10d3c2ab-450a-44f7-84b4-a11b2bade847/950e3f3e43538fda6fcb227218fedcdc/53174a8154da07099db041b9caffeaee.cab|1E789341008605C7CEB9BFCD630CE70510D88ABE2FE30EA7F39F836A7C1BEE6F 53174a8154da07099db041b9caffeaee.cab
sdk-10.0.22621.7|https://download.visualstudio.microsoft.com/download/pr/10d3c2ab-450a-44f7-84b4-a11b2bade847/475ac04ffc2145fe9e1c1aff915dfd96/windows sdk desktop libs x86-x86_en-us.msi|B41FEC53064907C2DE66DB80AB9168AAD408E56BFD059CDB7272ADAEB08E9455
|https://download.visualstudio.microsoft.com/download/pr/10d3c2ab-450a-44f7-84b4-a11b2bade847/88e37be304b8d0516e63115cf38a1098/766c0ffd568bbb31bf7fb6793383e24a.cab|CD0817807AE96B0C8C58DB06618131BB2FF97AEB9C77A9DEEC118B104D9162E5 766c0ffd568bbb31bf7fb6793383e24a.cab
|https://download.visualstudio.microsoft.com/download/pr/10d3c2ab-450a-44f7-84b4-a11b2bade847/507ddd5666c9780601ce2d1cf62593e4/8125ee239710f33ea485965f76fae646.cab|6B17EB009B5D699340D388DD307818D6692CEFE17B6EA42E584671AE9FF00C5B 8125ee239710f33ea485965f76fae646.cab
|https://download.visualstudio.microsoft.com/download/pr/10d3c2ab-450a-44f7-84b4-a11b2bade847/bc68d2ecb39e69320bd36458d4e02163/c0aa6d435b0851bf34365aadabd0c20f.cab|84126B8585D4A49CD80AC8FE66366D35209D90E9567CB307AFD455A4191C527D c0aa6d435b0851bf34365aadabd0c20f.cab
|https://download.visualstudio.microsoft.com/download/pr/10d3c2ab-450a-44f7-84b4-a11b2bade847/dc6a6ff72e8485fc7d81324dbe45748a/c1c7e442409c0adbf81ae43aa0e4351f.cab|533812E6AD73FB11A239FB635524F3214C8FE363B1A663DC961918C2F67B8887 c1c7e442409c0adbf81ae43aa0e4351f.cab
sdk-10.0.22621.7|https://download.visualstudio.microsoft.com/download/pr/10d3c2ab-450a-44f7-84b4-a11b2bade847/b9b680b6ee1be4312c5cfdc0b0c0259d/windows sdk for windows store apps headers-x86_en-us.msi|F386DDB7C17B8F2F9DED02DB7EF2FABF01D7B3A4807979C779B1C485B615F788
|https://download.visualstudio.microsoft.com/download/pr/10d3c2ab-450a-44f7-84b4-a11b2bade847/c51342a9c6d05fd9a6ef54708fc24d4b/05047a45609f311645eebcac2739fc4c.cab|8A93135CD55514AF6A5C58A32C73C1978ADEC0EA019402197824D7405C83F67A 05047a45609f311645eebcac2739fc4c.cab
|https://download.visualstudio.microsoft.com/download/pr/10d3c2ab-450a-44f7-84b4-a11b2bade847/2c9d20960f3bf54992783acf2b7ecf14/0b2a4987421d95d0cb37640889aa9e9b.cab|4BD4DF18D1804043D7C30E68A76C364CFC73F31AB4B7B9C8161DE0686DC5495D 0b2a4987421d95d0cb37640889aa9e9b.cab
|https://download.visualstudio.microsoft.com/download/pr/10d3c2ab-450a-44f7-84b4-a11b2bade847/8c6e1bd7ed13964fd7bc5a0aa38a4989/13d68b8a7b6678a368e2d13ff4027521.cab|1F0E56FC244BC2FEC2612F75CF10CFE314E7A3A3FFA64DBA873EE4A2EF4984D3 13d68b8a7b6678a368e2d13ff4027521.cab
|https://download.visualstudio.microsoft.com/download/pr/10d3c2ab-450a-44f7-84b4-a11b2bade847/b228f987bca884275deae20a7120bdb9/463ad1b0783ebda908fd6c16a4abfe93.cab|D50A366E3F0408CD639CFA398984260B50C8B3CDE8C7C85AEEB9C4E6A1E85A98 463ad1b0783ebda908fd6c16a4abfe93.cab
|https://download.visualstudio.microsoft.com/download/pr/10d3c2ab-450a-44f7-84b4-a11b2bade847/323ad1187b7fea366fed7f903120f30c/5a22e5cde814b041749fb271547f4dd5.cab|01E650EB119E13FD17C93AC4571334BF5423C76691E765AE271FA780F8888C60 5a22e5cde814b041749fb271547f4dd5.cab
|https://download.visualstudio.microsoft.com/download/pr/10d3c2ab-450a-44f7-84b4-a11b2bade847/efc799545e646db58ebeb02274e7432e/ba60f891debd633ae9c26e1372703e3c.cab|72B43638D06F8FF409B9FD3DB9DCB61B44006981F4F8DB572BB017D46B484927 ba60f891debd633ae9c26e1372703e3c.cab
|https://download.visualstudio.microsoft.com/download/pr/10d3c2ab-450a-44f7-84b4-a11b2bade847/3846357160bf184489ccd2589ec4e62d/e10768bb6e9d0ea730280336b697da66.cab|7C6070AF2DE77ACB69795DABE6FD0B74AC632977D98C85D2FE281233FB6F5F6F e10768bb6e9d0ea730280336b697da66.cab
|https://download.visualstudio.microsoft.com/download/pr/10d3c2ab-450a-44f7-84b4-a11b2bade847/a3e0f26098b57504d17f9e4956a2926a/f9b24c8280986c0683fbceca5326d806.cab|84D966619EF04C61B7C12EAE7301C4F0866F8A5A989EAE52EBBE0507B4B1FB25 f9b24c8280986c0683fbceca5326d806.cab
sdk-10.0.22621.7|https://download.visualstudio.microsoft.com/download/pr/10d3c2ab-450a-44f7-84b4-a11b2bade847/572d3a33dd6e71df46709da1c45342c0/windows sdk for windows store apps libs-x86_en-us.msi|E1E1E6B862A9049340630D4C537209939BB6194B74032095AD8DC4D96F2ABE63
|https://download.visualstudio.microsoft.com/download/pr/10d3c2ab-450a-44f7-84b4-a11b2bade847/886485975ab5f8c421092928636a1433/15bc5316e373960d82abc253bceaa25d.cab|201F9D06B2113FA96BD82171A362CD1A8B9F74E1605C19B8D0DB7B009345165F 15bc5316e373960d82abc253bceaa25d.cab
|https://download.visualstudio.microsoft.com/download/pr/10d3c2ab-450a-44f7-84b4-a11b2bade847/48c8a31ec6dd2f7113fad3e6a9100d06/2630bae9681db6a9f6722366f47d055c.cab|98F9C683CBA7ACAA4FC4AAB615C73297406760B2977A869CB490372F79DA40DC 2630bae9681db6a9f6722366f47d055c.cab
|https://download.visualstudio.microsoft.com/download/pr/10d3c2ab-450a-44f7-84b4-a11b2bade847/937eb197769bd033ebe46f56db4b706e/26ea25236f12b23db661acf268a70cfa.cab|BC04FB3B5A2B07A3BFCC1D50AE6506AFCB41CE86D366F22536E831BEE175EA71 26ea25236f12b23db661acf268a70cfa.cab
|https://download.visualstudio.microsoft.com/download/pr/10d3c2ab-450a-44f7-84b4-a11b2bade847/8972cb988701de4ce2bf549dfa203fd9/2a30b5d1115d515c6ddd8cd6b5173835.cab|E07D66D8B7EFA3ECB8C54130007643B552922D2F8A1A913397199A2C31CFB19C 2a30b5d1115d515c6ddd8cd6b5173835.cab
|https://download.visualstudio.microsoft.com/download/pr/10d3c2ab-450a-44f7-84b4-a11b2bade847/ae0ecd038039326b72a0715274696637/4a4c678668584fc994ead5b99ccf7f03.cab|CA6A68934AE28E2B1F96D8A37395FA475F852FD2052DA41BD9E19BCF11F7454A 4a4c678668584fc994ead5b99ccf7f03.cab
|https://download.visualstudio.microsoft.com/download/pr/10d3c2ab-450a-44f7-84b4-a11b2bade847/a173af66041dc1d8dea800a32ab25c78/61d57a7a82309cd161a854a6f4619e52.cab|73BD326EC6E49E5A827957E852EB5CA01E001E19BC4BEDAD39B304DF71C7F943 61d57a7a82309cd161a854a6f4619e52.cab
|https://download.visualstudio.microsoft.com/download/pr/10d3c2ab-450a-44f7-84b4-a11b2bade847/0b15316892b07deb88830bf70f123198/68de71e3e2fb9941ee5b7c77500c0508.cab|521F8C9C122184FD6EB5AE0BEA59BD16E58F0CBF35E15C0F624AE69833ED429E 68de71e3e2fb9941ee5b7c77500c0508.cab
|https://download.visualstudio.microsoft.com/download/pr/10d3c2ab-450a-44f7-84b4-a11b2bade847/38a98695e4a5afa717113ae215cd7fee/69661e20556b3ca9456b946c2c881ddd.cab|54DF08AE70D1102B08BFDF8263FAF82CD0BE3DF2AB17935451C216237CCCD185 69661e20556b3ca9456b946c2c881ddd.cab
|https://download.visualstudio.microsoft.com/download/pr/10d3c2ab-450a-44f7-84b4-a11b2bade847/10354cd26297d2e49df767b142cd6fdc/b82881a61b7477bd4eb5de2cd5037fe2.cab|C272423318FAEF53E379E64CA2F2929CFAB65C62554EBBA1284B0A098BCAE4DB b82881a61b7477bd4eb5de2cd5037fe2.cab
|https://download.visualstudio.microsoft.com/download/pr/10d3c2ab-450a-44f7-84b4-a11b2bade847/e62e773f2159e74f75ae7e14bfb58235/dcfb1aa345e349091a44e86ce1766566.cab|3C7186629252E66E069599E31B213C979A61AEE9F68BC93E79F676524E292345 dcfb1aa345e349091a44e86ce1766566.cab
|https://download.visualstudio.microsoft.com/download/pr/10d3c2ab-450a-44f7-84b4-a11b2bade847/4652dc4c1bb63f214558e762ec72f1d9/e072b3b3d3164e26b63338dce51862a7.cab|B754EC265C4E39BCBB1FA6E8C86C5813151409E4C5A9891C979030BA620FF5EA e072b3b3d3164e26b63338dce51862a7.cab
|https://download.visualstudio.microsoft.com/download/pr/10d3c2ab-450a-44f7-84b4-a11b2bade847/de70d93eb752c54c8acccfb874ffc9dc/e3d1b35aecfccda1b4af6fe5988ac4be.cab|F6D334F2F398036FD560B30BA2A80B2608AD84E4BE76A6D519CBD8E2747CD108 e3d1b35aecfccda1b4af6fe5988ac4be.cab
sdk-10.0.22621.7|https://download.visualstudio.microsoft.com/download/pr/10d3c2ab-450a-44f7-84b4-a11b2bade847/d76d738fd55a0c638966c074d8dd584c/windows sdk for windows store apps tools-x86_en-us.msi|0BE60007B0E84D87A893C2A1F23528564F560EB4291E5536ED0023B2782414EF
|https://download.visualstudio.microsoft.com/download/pr/10d3c2ab-450a-44f7-84b4-a11b2bade847/81b483ef569cbe80c9c77565766a1293/4c3ef4b2b1dc72149f979f4243d2accf.cab|6BB0888FA5178DE25655E60C743F2A9EDD140F06024D0C5F81D6E2A524051AAB 4c3ef4b2b1dc72149f979f4243d2accf.cab
|https://download.visualstudio.microsoft.com/download/pr/10d3c2ab-450a-44f7-84b4-a11b2bade847/9a9e519891fe54093714f7b5af90eee9/685f3d4691f444bc382762d603a99afc.cab|EF2ED9D88A12402FACCA6AE1C9DA9B34D25C45794E9BAD874348FFE91EBAD108 685f3d4691f444bc382762d603a99afc.cab
|https://download.visualstudio.microsoft.com/download/pr/10d3c2ab-450a-44f7-84b4-a11b2bade847/31293c2b4e08fc6d7cad9fdd3c293e4e/e5c4b31ff9997ac5603f4f28cd7df602.cab|788A5F2F20127C77E0D73675A7EB0DAECA8FBD398B1818A0E3D085E9B504A36A e5c4b31ff9997ac5603f4f28cd7df602.cab
|https://download.visualstudio.microsoft.com/download/pr/10d3c2ab-450a-44f7-84b4-a11b2bade847/a261a06df246ecd1e10a5d6f1790c335/e98fa5eb5fee6ce17a7a69d585870b7c.cab|60B029421E01A986472DFD5C35EADA3CF66B477191C7075021A8B4918904AC09 e98fa5eb5fee6ce17a7a69d585870b7c.cab
sdk-10.0.22621.7|https://download.visualstudio.microsoft.com/download/pr/10d3c2ab-450a-44f7-84b4-a11b2bade847/ee49a2e87b010ad3f13d723d5997cf0e/windows sdk signing tools-x86_en-us.msi|54E927447876539AD55BB6D70C25ED8C1AB5723708ACBA5C988836599EB8D064
